
Microsoft Visual Studio Solution File, Format Version 12.00
# Visual Studio Version 16
VisualStudioVersion = 16.0.31624.102
MinimumVisualStudioVersion = 10.0.40219.1
Project("{9A19103F-16F7-4668-BE54-9A1E7A4F7556}") = "BzVault", "BzVault.csproj", "{7C9589D2-3B28-4C83-A8CE-16BCBF065D5A}"
EndProject
Global
	GlobalSection(SolutionConfigurationPlatforms) = preSolution
		Debug|Any CPU = Debug|Any CPU
		Release|Any CPU = Release|Any CPU
	EndGlobalSection
	GlobalSection(ProjectConfigurationPlatforms) = postSolution
		{7C9589D2-3B28-4C83-A8CE-16BCBF065D5A}.Debug|Any CPU.ActiveCfg = Debug|Any CPU
		{7C9589D2-3B28-4C83-A8CE-16BCBF065D5A}.Debug|Any CPU.Build.0 = Debug|Any CPU
		{7C9589D2-3B28-4C83-A8CE-16BCBF065D5A}.Release|Any CPU.ActiveCfg = Release|Any CPU
		{7C9589D2-3B28-4C83-A8CE-16BCBF065D5A}.Release|Any CPU.Build.0 = Release|Any CPU
	EndGlobalSection
	GlobalSection(SolutionProperties) = preSolution
		HideSolutionNode = FALSE
	EndGlobalSection
	GlobalSection(ExtensibilityGlobals) = postSolution
		SolutionGuid = {1B4B5D9F-467C-4E27-B6FB-2B04F83BE61F}
	EndGlobalSection
EndGlobal
